
Microsoft Visual Studio Solution File, Format Version 12.00
# Visual Studio Version 16
VisualStudioVersion = 16.0.29926.136
MinimumVisualStudioVersion = 10.0.40219.1
Project("{FAE04EC0-301F-11D3-BF4B-00C04F79EFBC}") = "Cap", "Cap.csproj", "{6456F4E9-9E04-4073-A3FF-7A77B79FB396}"
EndProject
Global
	GlobalSection(SolutionConfigurationPlatforms) = preSolution
		Debug|Any CPU = Debug|Any CPU
		Release|Any CPU = Release|Any CPU
	EndGlobalSection
	GlobalSection(ProjectConfigurationPlatforms) = postSolution
		{6456F4E9-9E04-4073-A3FF-7A77B79FB396}.Debug|Any CPU.ActiveCfg = Debug|Any CPU
		{6456F4E9-9E04-4073-A3FF-7A77B79FB396}.Debug|Any CPU.Build.0 = Debug|Any CPU
		{6456F4E9-9E04-4073-A3FF-7A77B79FB396}.Release|Any CPU.ActiveCfg = Release|Any CPU
		{6456F4E9-9E04-4073-A3FF-7A77B79FB396}.Release|Any CPU.Build.0 = Release|Any CPU
	EndGlobalSection
	GlobalSection(SolutionProperties) = preSolution
		HideSolutionNode = FALSE
	EndGlobalSection
	GlobalSection(ExtensibilityGlobals) = postSolution
		SolutionGuid = {DE17FB40-3748-44F3-8D59-59F30F0421F4}
	EndGlobalSection
EndGlobal
